// !$*UTF8*$!
{
	archiveVersion = 1;
	classes = {
	};
	objectVersion = 55;
	objects = {

/* Begin PBXBuildFile section */
		EF0598DC28674603005E43E1 /* AppDelegate.swift in Sources */ = {isa = PBXBuildFile; fileRef = EF0598DB28674603005E43E1 /* AppDelegate.swift */; };
		EF0598DE28674603005E43E1 /* SceneDelegate.swift in Sources */ = {isa = PBXBuildFile; fileRef = EF0598DD28674603005E43E1 /* SceneDelegate.swift */; };
		EF0598E028674603005E43E1 /* ViewController.swift in Sources */ = {isa = PBXBuildFile; fileRef = EF0598DF28674603005E43E1 /* ViewController.swift */; };
		EF0598E328674603005E43E1 /* Main.storyboard in Resources */ = {isa = PBXBuildFile; fileRef = EF0598E128674603005E43E1 /* Main.storyboard */; };
		EF0598E528674606005E43E1 /* Assets.xcassets in Resources */ = {isa = PBXBuildFile; fileRef = EF0598E428674606005E43E1 /* Assets.xcassets */; };
		EF0598E828674606005E43E1 /* LaunchScreen.storyboard in Resources */ = {isa = PBXBuildFile; fileRef = EF0598E628674606005E43E1 /* LaunchScreen.storyboard */; };
		EF0598F328674606005E43E1 /* ChargerTests.swift in Sources */ = {isa = PBXBuildFile; fileRef = EF0598F228674606005E43E1 /* ChargerTests.swift */; };
		EF0598FD28674607005E43E1 /* ChargerUITests.swift in Sources */ = {isa = PBXBuildFile; fileRef = EF0598FC28674607005E43E1 /* ChargerUITests.swift */; };
		EF0598FF28674607005E43E1 /* ChargerUITestsLaunchTests.swift in Sources */ = {isa = PBXBuildFile; fileRef = EF0598FE28674607005E43E1 /* ChargerUITestsLaunchTests.swift */; };
/* End PBXBuildFile section */

/* Begin PBXContainerItemProxy section */
		EF0598EF28674606005E43E1 /* PBXContainerItemProxy */ = {
			isa = PBXContainerItemProxy;
			containerPortal = EF0598D028674603005E43E1 /* Project object */;
			proxyType = 1;
			remoteGlobalIDString = EF0598D728674603005E43E1;
			remoteInfo = Charger;
		};
		EF0598F928674607005E43E1 /* PBXContainerItemProxy */ = {
			isa = PBXContainerItemProxy;
			containerPortal = EF0598D028674603005E43E1 /* Project object */;
			proxyType = 1;
			remoteGlobalIDString = EF0598D728674603005E43E1;
			remoteInfo = Charger;
		};
/* End PBXContainerItemProxy section */

/* Begin PBXFileReference section */
		EF0598D828674603005E43E1 /* Charger.app */ = {isa = PBXFileReference; explicitFileType = wrapper.application; includeInIndex = 0; path = Charger.app; sourceTree = BUILT_PRODUCTS_DIR; };
		EF0598DB28674603005E43E1 /* AppDelegate.swift */ = {isa = PBXFileReference; lastKnownFileType = sourcecode.swift; path = AppDelegate.swift; sourceTree = "<group>"; };
		EF0598DD28674603005E43E1 /* SceneDelegate.swift */ = {isa = PBXFileReference; lastKnownFileType = sourcecode.swift; path = SceneDelegate.swift; sourceTree = "<group>"; };
		EF0598DF28674603005E43E1 /* ViewController.swift */ = {isa = PBXFileReference; lastKnownFileType = sourcecode.swift; path = ViewController.swift; sourceTree = "<group>"; };
		EF0598E228674603005E43E1 /* Base */ = {isa = PBXFileReference; lastKnownFileType = file.storyboard; name = Base; path = Base.lproj/Main.storyboard; sourceTree = "<group>"; };
		EF0598E428674606005E43E1 /* Assets.xcassets */ = {isa = PBXFileReference; lastKnownFileType = folder.assetcatalog; path = Assets.xcassets; sourceTree = "<group>"; };
		EF0598E728674606005E43E1 /* Base */ = {isa = PBXFileReference; lastKnownFileType = file.storyboard; name = Base; path = Base.lproj/LaunchScreen.storyboard; sourceTree = "<group>"; };
		EF0598E928674606005E43E1 /* Info.plist */ = {isa = PBXFileReference; lastKnownFileType = text.plist.xml; path = Info.plist; sourceTree = "<group>"; };
		EF0598EE28674606005E43E1 /* ChargerTests.xctest */ = {isa = PBXFileReference; explicitFileType = wrapper.cfbundle; includeInIndex = 0; path = ChargerTests.xctest; sourceTree = BUILT_PRODUCTS_DIR; };
		EF0598F228674606005E43E1 /* ChargerTests.swift */ = {isa = PBXFileReference; lastKnownFileType = sourcecode.swift; path = ChargerTests.swift; sourceTree = "<group>"; };
		EF0598F828674607005E43E1 /* ChargerUITests.xctest */ = {isa = PBXFileReference; explicitFileType = wrapper.cfbundle; includeInIndex = 0; path = ChargerUITests.xctest; sourceTree = BUILT_PRODUCTS_DIR; };
		EF0598FC28674607005E43E1 /* ChargerUITests.swift */ = {isa = PBXFileReference; lastKnownFileType = sourcecode.swift; path = ChargerUITests.swift; sourceTree = "<group>"; };
		EF0598FE28674607005E43E1 /* ChargerUITestsLaunchTests.swift */ = {isa = PBXFileReference; lastKnownFileType = sourcecode.swift; path = ChargerUITestsLaunchTests.swift; sourceTree = "<group>"; };
/* End PBXFileReference section */

/* Begin PBXFrameworksBuildPhase section */
		EF0598D528674603005E43E1 /* Frameworks */ = {
			isa = PBXFrameworksBuildPhase;
			buildActionMask = 2147483647;
			files = (
			);
			runOnlyForDeploymentPostprocessing = 0;
		};
		EF0598EB28674606005E43E1 /* Frameworks */ = {
			isa = PBXFrameworksBuildPhase;
			buildActionMask = 2147483647;
			files = (
			);
			runOnlyForDeploymentPostprocessing = 0;
		};
		EF0598F528674607005E43E1 /* Frameworks */ = {
			isa = PBXFrameworksBuildPhase;
			buildActionMask = 2147483647;
			files = (
			);
			runOnlyForDeploymentPostprocessing = 0;
		};
/* End PBXFrameworksBuildPhase section */

/* Begin PBXGroup section */
		EF0598CF28674603005E43E1 = {
			isa = PBXGroup;
			children = (
				EF0598DA28674603005E43E1 /* Charger */,
				EF0598F128674606005E43E1 /* ChargerTests */,
				EF0598FB28674607005E43E1 /* ChargerUITests */,
				EF0598D928674603005E43E1 /* Products */,
			);
			sourceTree = "<group>";
		};
		EF0598D928674603005E43E1 /* Products */ = {
			isa = PBXGroup;
			children = (
				EF0598D828674603005E43E1 /* Charger.app */,
				EF0598EE28674606005E43E1 /* ChargerTests.xctest */,
				EF0598F828674607005E43E1 /* ChargerUITests.xctest */,
			);
			name = Products;
			sourceTree = "<group>";
		};
		EF0598DA28674603005E43E1 /* Charger */ = {
			isa = PBXGroup;
			children = (
				EF0598DB28674603005E43E1 /* AppDelegate.swift */,
				EF0598DD28674603005E43E1 /* SceneDelegate.swift */,
				EF0598DF28674603005E43E1 /* ViewController.swift */,
				EF0598E128674603005E43E1 /* Main.storyboard */,
				EF0598E428674606005E43E1 /* Assets.xcassets */,
				EF0598E628674606005E43E1 /* LaunchScreen.storyboard */,
				EF0598E928674606005E43E1 /* Info.plist */,
			);
			path = Charger;
			sourceTree = "<group>";
		};
		EF0598F128674606005E43E1 /* ChargerTests */ = {
			isa = PBXGroup;
			children = (
				EF0598F228674606005E43E1 /* ChargerTests.swift */,
			);
			path = ChargerTests;
			sourceTree = "<group>";
		};
		EF0598FB28674607005E43E1 /* ChargerUITests */ = {
			isa = PBXGroup;
			children = (
				EF0598FC28674607005E43E1 /* ChargerUITests.swift */,
				EF0598FE28674607005E43E1 /* ChargerUITestsLaunchTests.swift */,
			);
			path = ChargerUITests;
			sourceTree = "<group>";
		};
/* End PBXGroup section */

/* Begin PBXNativeTarget section */
		EF0598D728674603005E43E1 /* Charger */ = {
			isa = PBXNativeTarget;
			buildConfigurationList = EF05990228674607005E43E1 /* Build configuration list for PBXNativeTarget "Charger" */;
			buildPhases = (
				EF0598D428674603005E43E1 /* Sources */,
				EF0598D528674603005E43E1 /* Frameworks */,
				EF0598D628674603005E43E1 /* Resources */,
			);
			buildRules = (
			);
			dependencies = (
			);
			name = Charger;
			productName = Charger;
			productReference = EF0598D828674603005E43E1 /* Charger.app */;
			productType = "com.apple.product-type.application";
		};
		EF0598ED28674606005E43E1 /* ChargerTests */ = {
			isa = PBXNativeTarget;
			buildConfigurationList = EF05990528674607005E43E1 /* Build configuration list for PBXNativeTarget "ChargerTests" */;
			buildPhases = (
				EF0598EA28674606005E43E1 /* Sources */,
				EF0598EB28674606005E43E1 /* Frameworks */,
				EF0598EC28674606005E43E1 /* Resources */,
			);
			buildRules = (
			);
			dependencies = (
				EF0598F028674606005E43E1 /* PBXTargetDependency */,
			);
			name = ChargerTests;
			productName = ChargerTests;
			productReference = EF0598EE28674606005E43E1 /* ChargerTests.xctest */;
			productType = "com.apple.product-type.bundle.unit-test";
		};
		EF0598F728674607005E43E1 /* ChargerUITests */ = {
			isa = PBXNativeTarget;
			buildConfigurationList = EF05990828674607005E43E1 /* Build configuration list for PBXNativeTarget "ChargerUITests" */;
			buildPhases = (
				EF0598F428674607005E43E1 /* Sources */,
				EF0598F528674607005E43E1 /* Frameworks */,
				EF0598F628674607005E43E1 /* Resources */,
			);
			buildRules = (
			);
			dependencies = (
				EF0598FA28674607005E43E1 /* PBXTargetDependency */,
			);
			name = ChargerUITests;
			productName = ChargerUITests;
			productReference = EF0598F828674607005E43E1 /* ChargerUITests.xctest */;
			productType = "com.apple.product-type.bundle.ui-testing";
		};
/* End PBXNativeTarget section */

/* Begin PBXProject section */
		EF0598D028674603005E43E1 /* Project object */ = {
			isa = PBXProject;
			attributes = {
				BuildIndependentTargetsInParallel = 1;
				LastSwiftUpdateCheck = 1320;
				LastUpgradeCheck = 1320;
				TargetAttributes = {
					EF0598D728674603005E43E1 = {
						CreatedOnToolsVersion = 13.2.1;
					};
					EF0598ED28674606005E43E1 = {
						CreatedOnToolsVersion = 13.2.1;
						TestTargetID = EF0598D728674603005E43E1;
					};
					EF0598F728674607005E43E1 = {
						CreatedOnToolsVersion = 13.2.1;
						TestTargetID = EF0598D728674603005E43E1;
					};
				};
			};
			buildConfigurationList = EF0598D328674603005E43E1 /* Build configuration list for PBXProject "Charger" */;
			compatibilityVersion = "Xcode 13.0";
			developmentRegion = en;
			hasScannedForEncodings = 0;
			knownRegions = (
				en,
				Base,
			);
			mainGroup = EF0598CF28674603005E43E1;
			productRefGroup = EF0598D928674603005E43E1 /* Products */;
			projectDirPath = "";
			projectRoot = "";
			targets = (
				EF0598D728674603005E43E1 /* Charger */,
				EF0598ED28674606005E43E1 /* ChargerTests */,
				EF0598F728674607005E43E1 /* ChargerUITests */,
			);
		};
/* End PBXProject section */

/* Begin PBXResourcesBuildPhase section */
		EF0598D628674603005E43E1 /* Resources */ = {
			isa = PBXResourcesBuildPhase;
			buildActionMask = 2147483647;
			files = (
				EF0598E828674606005E43E1 /* LaunchScreen.storyboard in Resources */,
				EF0598E528674606005E43E1 /* Assets.xcassets in Resources */,
				EF0598E328674603005E43E1 /* Main.storyboard in Resources */,
			);
			runOnlyForDeploymentPostprocessing = 0;
		};
		EF0598EC28674606005E43E1 /* Resources */ = {
			isa = PBXResourcesBuildPhase;
			buildActionMask = 2147483647;
			files = (
			);
			runOnlyForDeploymentPostprocessing = 0;
		};
		EF0598F628674607005E43E1 /* Resources */ = {
			isa = PBXResourcesBuildPhase;
			buildActionMask = 2147483647;
			files = (
			);
			runOnlyForDeploymentPostprocessing = 0;
		};
/* End PBXResourcesBuildPhase section */

/* Begin PBXSourcesBuildPhase section */
		EF0598D428674603005E43E1 /* Sources */ = {
			isa = PBXSourcesBuildPhase;
			buildActionMask = 2147483647;
			files = (
				EF0598E028674603005E43E1 /* ViewController.swift in Sources */,
				EF0598DC28674603005E43E1 /* AppDelegate.swift in Sources */,
				EF0598DE28674603005E43E1 /* SceneDelegate.swift in Sources */,
			);
			runOnlyForDeploymentPostprocessing = 0;
		};
		EF0598EA28674606005E43E1 /* Sources */ = {
			isa = PBXSourcesBuildPhase;
			buildActionMask = 2147483647;
			files = (
				EF0598F328674606005E43E1 /* ChargerTests.swift in Sources */,
			);
			runOnlyForDeploymentPostprocessing = 0;
		};
		EF0598F428674607005E43E1 /* Sources */ = {
			isa = PBXSourcesBuildPhase;
			buildActionMask = 2147483647;
			files = (
				EF0598FD28674607005E43E1 /* ChargerUITests.swift in Sources */,
				EF0598FF28674607005E43E1 /* ChargerUITestsLaunchTests.swift in Sources */,
			);
			runOnlyForDeploymentPostprocessing = 0;
		};
/* End PBXSourcesBuildPhase section */

/* Begin PBXTargetDependency section */
		EF0598F028674606005E43E1 /* PBXTargetDependency */ = {
			isa = PBXTargetDependency;
			target = EF0598D728674603005E43E1 /* Charger */;
			targetProxy = EF0598EF28674606005E43E1 /* PBXContainerItemProxy */;
		};
		EF0598FA28674607005E43E1 /* PBXTargetDependency */ = {
			isa = PBXTargetDependency;
			target = EF0598D728674603005E43E1 /* Charger */;
			targetProxy = EF0598F928674607005E43E1 /* PBXContainerItemProxy */;
		};
/* End PBXTargetDependency section */

/* Begin PBXVariantGroup section */
		EF0598E128674603005E43E1 /* Main.storyboard */ = {
			isa = PBXVariantGroup;
			children = (
				EF0598E228674603005E43E1 /* Base */,
			);
			name = Main.storyboard;
			sourceTree = "<group>";
		};
		EF0598E628674606005E43E1 /* LaunchScreen.storyboard */ = {
			isa = PBXVariantGroup;
			children = (
				EF0598E728674606005E43E1 /* Base */,
			);
			name = LaunchScreen.storyboard;
			sourceTree = "<group>";
		};
/* End PBXVariantGroup section */

/* Begin XCBuildConfiguration section */
		EF05990028674607005E43E1 /* Debug */ = {
			isa = XCBuildConfiguration;
			buildSettings = {
				ALWAYS_SEARCH_USER_PATHS = NO;
				CLANG_ANALYZER_NONNULL = YES;
				CLANG_ANALYZER_NUMBER_OBJECT_CONVERSION = YES_AGGRESSIVE;
				CLANG_CXX_LANGUAGE_STANDARD = "gnu++17";
				CLANG_CXX_LIBRARY = "libc++";
				CLANG_ENABLE_MODULES = YES;
				CLANG_ENABLE_OBJC_ARC = YES;
				CLANG_ENABLE_OBJC_WEAK = YES;
				CLANG_WARN_BLOCK_CAPTURE_AUTORELEASING = YES;
				CLANG_WARN_BOOL_CONVERSION = YES;
				CLANG_WARN_COMMA = YES;
				CLANG_WARN_CONSTANT_CONVERSION = YES;
				CLANG_WARN_DEPRECATED_OBJC_IMPLEMENTATIONS = YES;
				CLANG_WARN_DIRECT_OBJC_ISA_USAGE = YES_ERROR;
				CLANG_WARN_DOCUMENTATION_COMMENTS = YES;
				CLANG_WARN_EMPTY_BODY = YES;
				CLANG_WARN_ENUM_CONVERSION = YES;
				CLANG_WARN_INFINITE_RECURSION = YES;
				CLANG_WARN_INT_CONVERSION = YES;
				CLANG_WARN_NON_LITERAL_NULL_CONVERSION = YES;
				CLANG_WARN_OBJC_IMPLICIT_RETAIN_SELF = YES;
				CLANG_WARN_OBJC_LITERAL_CONVERSION = YES;
				CLANG_WARN_OBJC_ROOT_CLASS = YES_ERROR;
				CLANG_WARN_QUOTED_INCLUDE_IN_FRAMEWORK_HEADER = YES;
				CLANG_WARN_RANGE_LOOP_ANALYSIS = YES;
				CLANG_WARN_STRICT_PROTOTYPES = YES;
				CLANG_WARN_SUSPICIOUS_MOVE = YES;
				CLANG_WARN_UNGUARDED_AVAILABILITY = YES_AGGRESSIVE;
				CLANG_WARN_UNREACHABLE_CODE = YES;
				CLANG_WARN__DUPLICATE_METHOD_MATCH = YES;
				COPY_PHASE_STRIP = NO;
				DEBUG_INFORMATION_FORMAT = dwarf;
				ENABLE_STRICT_OBJC_MSGSEND = YES;
				ENABLE_TESTABILITY = YES;
				GCC_C_LANGUAGE_STANDARD = gnu11;
				GCC_DYNAMIC_NO_PIC = NO;
				GCC_NO_COMMON_BLOCKS = YES;
				GCC_OPTIMIZATION_LEVEL = 0;
				GCC_PREPROCESSOR_DEFINITIONS = (
					"DEBUG=1",
					"$(inherited)",
				);
				GCC_WARN_64_TO_32_BIT_CONVERSION = YES;
				GCC_WARN_ABOUT_RETURN_TYPE = YES_ERROR;
				GCC_WARN_UNDECLARED_SELECTOR = YES;
				GCC_WARN_UNINITIALIZED_AUTOS = YES_AGGRESSIVE;
				GCC_WARN_UNUSED_FUNCTION = YES;
				GCC_WARN_UNUSED_VARIABLE = YES;
				IPHONEOS_DEPLOYMENT_TARGET = 15.2;
				MTL_ENABLE_DEBUG_INFO = INCLUDE_SOURCE;
				MTL_FAST_MATH = YES;
				ONLY_ACTIVE_ARCH = YES;
				SDKROOT = iphoneos;
				SWIFT_ACTIVE_COMPILATION_CONDITIONS = DEBUG;
				SWIFT_OPTIMIZATION_LEVEL = "-Onone";
			};
			name = Debug;
		};
		EF05990128674607005E43E1 /* Release */ = {
			isa = XCBuildConfiguration;
			buildSettings = {
				ALWAYS_SEARCH_USER_PATHS = NO;
				CLANG_ANALYZER_NONNULL = YES;
				CLANG_ANALYZER_NUMBER_OBJECT_CONVERSION = YES_AGGRESSIVE;
				CLANG_CXX_LANGUAGE_STANDARD = "gnu++17";
				CLANG_CXX_LIBRARY = "libc++";
				CLANG_ENABLE_MODULES = YES;
				CLANG_ENABLE_OBJC_ARC = YES;
				CLANG_ENABLE_OBJC_WEAK = YES;
				CLANG_WARN_BLOCK_CAPTURE_AUTORELEASING = YES;
				CLANG_WARN_BOOL_CONVERSION = YES;
				CLANG_WARN_COMMA = YES;
				CLANG_WARN_CONSTANT_CONVERSION = YES;
				CLANG_WARN_DEPRECATED_OBJC_IMPLEMENTATIONS = YES;
				CLANG_WARN_DIRECT_OBJC_ISA_USAGE = YES_ERROR;
				CLANG_WARN_DOCUMENTATION_COMMENTS = YES;
				CLANG_WARN_EMPTY_BODY = YES;
				CLANG_WARN_ENUM_CONVERSION = YES;
				CLANG_WARN_INFINITE_RECURSION = YES;
				CLANG_WARN_INT_CONVERSION = YES;
				CLANG_WARN_NON_LITERAL_NULL_CONVERSION = YES;
				CLANG_WARN_OBJC_IMPLICIT_RETAIN_SELF = YES;
				CLANG_WARN_OBJC_LITERAL_CONVERSION = YES;
				CLANG_WARN_OBJC_ROOT_CLASS = YES_ERROR;
				CLANG_WARN_QUOTED_INCLUDE_IN_FRAMEWORK_HEADER = YES;
				CLANG_WARN_RANGE_LOOP_ANALYSIS = YES;
				CLANG_WARN_STRICT_PROTOTYPES = YES;
				CLANG_WARN_SUSPICIOUS_MOVE = YES;
				CLANG_WARN_UNGUARDED_AVAILABILITY = YES_AGGRESSIVE;
				CLANG_WARN_UNREACHABLE_CODE = YES;
				CLANG_WARN__DUPLICATE_METHOD_MATCH = YES;
				COPY_PHASE_STRIP = NO;
				DEBUG_INFORMATION_FORMAT = "dwarf-with-dsym";
				ENABLE_NS_ASSERTIONS = NO;
				ENABLE_STRICT_OBJC_MSGSEND = YES;
				GCC_C_LANGUAGE_STANDARD = gnu11;
				GCC_NO_COMMON_BLOCKS = YES;
				GCC_WARN_64_TO_32_BIT_CONVERSION = YES;
				GCC_WARN_ABOUT_RETURN_TYPE = YES_ERROR;
				GCC_WARN_UNDECLARED_SELECTOR = YES;
				GCC_WARN_UNINITIALIZED_AUTOS = YES_AGGRESSIVE;
				GCC_WARN_UNUSED_FUNCTION = YES;
				GCC_WARN_UNUSED_VARIABLE = YES;
				IPHONEOS_DEPLOYMENT_TARGET = 15.2;
				MTL_ENABLE_DEBUG_INFO = NO;
				MTL_FAST_MATH = YES;
				SDKROOT = iphoneos;
				SWIFT_COMPILATION_MODE = wholemodule;
				SWIFT_OPTIMIZATION_LEVEL = "-O";
				VALIDATE_PRODUCT = YES;
			};
			name = Release;
		};
		EF05990328674607005E43E1 /* Debug */ = {
			isa = XCBuildConfiguration;
			buildSettings = {
				ASSETCATALOG_COMPILER_APPICON_NAME = AppIcon;
				ASSETCATALOG_COMPILER_GLOBAL_ACCENT_COLOR_NAME = AccentColor;
				CODE_SIGN_STYLE = Automatic;
				CURRENT_PROJECT_VERSION = 1;
				DEVELOPMENT_TEAM = 4J25GM6FG4;
				GENERATE_INFOPLIST_FILE = YES;
				INFOPLIST_FILE = Charger/Info.plist;
				INFOPLIST_KEY_UIApplicationSupportsIndirectInputEvents = YES;
				INFOPLIST_KEY_UILaunchStoryboardName = LaunchScreen;
				INFOPLIST_KEY_UIMainStoryboardFile = Main;
				INFOPLIST_KEY_UISupportedInterfaceOrientations_iPad = "UIInterfaceOrientationPortrait UIInterfaceOrientationPortraitUpsideDown UIInterfaceOrientationLandscapeLeft UIInterfaceOrientationLandscapeRight";
				INFOPLIST_KEY_UISupportedInterfaceOrientations_iPhone = "UIInterfaceOrientationPortrait UIInterfaceOrientationLandscapeLeft UIInterfaceOrientationLandscapeRight";
				LD_RUNPATH_SEARCH_PATHS = (
					"$(inherited)",
					"@executable_path/Frameworks",
				);
				MARKETING_VERSION = 1.0;
				PRODUCT_BUNDLE_IDENTIFIER = ozgunaksoy.Charger;
				PRODUCT_NAME = "$(TARGET_NAME)";
				SWIFT_EMIT_LOC_STRINGS = YES;
				SWIFT_VERSION = 5.0;
				TARGETED_DEVICE_FAMILY = "1,2";
			};
			name = Debug;
		};
		EF05990428674607005E43E1 /* Release */ = {
			isa = XCBuildConfiguration;
			buildSettings = {
				ASSETCATALOG_COMPILER_APPICON_NAME = AppIcon;
				ASSETCATALOG_COMPILER_GLOBAL_ACCENT_COLOR_NAME = AccentColor;
				CODE_SIGN_STYLE = Automatic;
				CURRENT_PROJECT_VERSION = 1;
				DEVELOPMENT_TEAM = 4J25GM6FG4;
				GENERATE_INFOPLIST_FILE = YES;
				INFOPLIST_FILE = Charger/Info.plist;
				INFOPLIST_KEY_UIApplicationSupportsIndirectInputEvents = YES;
				INFOPLIST_KEY_UILaunchStoryboardName = LaunchScreen;
				INFOPLIST_KEY_UIMainStoryboardFile = Main;
				INFOPLIST_KEY_UISupportedInterfaceOrientations_iPad = "UIInterfaceOrientationPortrait UIInterfaceOrientationPortraitUpsideDown UIInterfaceOrientationLandscapeLeft UIInterfaceOrientationLandscapeRight";
				INFOPLIST_KEY_UISupportedInterfaceOrientations_iPhone = "UIInterfaceOrientationPortrait UIInterfaceOrientationLandscapeLeft UIInterfaceOrientationLandscapeRight";
				LD_RUNPATH_SEARCH_PATHS = (
					"$(inherited)",
					"@executable_path/Frameworks",
				);
				MARKETING_VERSION = 1.0;
				PRODUCT_BUNDLE_IDENTIFIER = ozgunaksoy.Charger;
				PRODUCT_NAME = "$(TARGET_NAME)";
				SWIFT_EMIT_LOC_STRINGS = YES;
				SWIFT_VERSION = 5.0;
				TARGETED_DEVICE_FAMILY = "1,2";
			};
			name = Release;
		};
		EF05990628674607005E43E1 /* Debug */ = {
			isa = XCBuildConfiguration;
			buildSettings = {
				ALWAYS_EMBED_SWIFT_STANDARD_LIBRARIES = YES;
				BUNDLE_LOADER = "$(TEST_HOST)";
				CODE_SIGN_STYLE = Automatic;
				CURRENT_PROJECT_VERSION = 1;
				DEVELOPMENT_TEAM = 4J25GM6FG4;
				GENERATE_INFOPLIST_FILE = YES;
				IPHONEOS_DEPLOYMENT_TARGET = 15.2;
				MARKETING_VERSION = 1.0;
				PRODUCT_BUNDLE_IDENTIFIER = ozgunaksoy.ChargerTests;
				PRODUCT_NAME = "$(TARGET_NAME)";
				SWIFT_EMIT_LOC_STRINGS = NO;
				SWIFT_VERSION = 5.0;
				TARGETED_DEVICE_FAMILY = "1,2";
				TEST_HOST = "$(BUILT_PRODUCTS_DIR)/Charger.app/Charger";
			};
			name = Debug;
		};
		EF05990728674607005E43E1 /* Release */ = {
			isa = XCBuildConfiguration;
			buildSettings = {
				ALWAYS_EMBED_SWIFT_STANDARD_LIBRARIES = YES;
				BUNDLE_LOADER = "$(TEST_HOST)";
				CODE_SIGN_STYLE = Automatic;
				CURRENT_PROJECT_VERSION = 1;
				DEVELOPMENT_TEAM = 4J25GM6FG4;
				GENERATE_INFOPLIST_FILE = YES;
				IPHONEOS_DEPLOYMENT_TARGET = 15.2;
				MARKETING_VERSION = 1.0;
				PRODUCT_BUNDLE_IDENTIFIER = ozgunaksoy.ChargerTests;
				PRODUCT_NAME = "$(TARGET_NAME)";
				SWIFT_EMIT_LOC_STRINGS = NO;
				SWIFT_VERSION = 5.0;
				TARGETED_DEVICE_FAMILY = "1,2";
				TEST_HOST = "$(BUILT_PRODUCTS_DIR)/Charger.app/Charger";
			};
			name = Release;
		};
		EF05990928674607005E43E1 /* Debug */ = {
			isa = XCBuildConfiguration;
			buildSettings = {
				ALWAYS_EMBED_SWIFT_STANDARD_LIBRARIES = YES;
				CODE_SIGN_STYLE = Automatic;
				CURRENT_PROJECT_VERSION = 1;
				DEVELOPMENT_TEAM = 4J25GM6FG4;
				GENERATE_INFOPLIST_FILE = YES;
				MARKETING_VERSION = 1.0;
				PRODUCT_BUNDLE_IDENTIFIER = ozgunaksoy.ChargerUITests;
				PRODUCT_NAME = "$(TARGET_NAME)";
				SWIFT_EMIT_LOC_STRINGS = NO;
				SWIFT_VERSION = 5.0;
				TARGETED_DEVICE_FAMILY = "1,2";
				TEST_TARGET_NAME = Charger;
			};
			name = Debug;
		};
		EF05990A28674607005E43E1 /* Release */ = {
			isa = XCBuildConfiguration;
			buildSettings = {
				ALWAYS_EMBED_SWIFT_STANDARD_LIBRARIES = YES;
				CODE_SIGN_STYLE = Automatic;
				CURRENT_PROJECT_VERSION = 1;
				DEVELOPMENT_TEAM = 4J25GM6FG4;
				GENERATE_INFOPLIST_FILE = YES;
				MARKETING_VERSION = 1.0;
				PRODUCT_BUNDLE_IDENTIFIER = ozgunaksoy.ChargerUITests;
				PRODUCT_NAME = "$(TARGET_NAME)";
				SWIFT_EMIT_LOC_STRINGS = NO;
				SWIFT_VERSION = 5.0;
				TARGETED_DEVICE_FAMILY = "1,2";
				TEST_TARGET_NAME = Charger;
			};
			name = Release;
		};
/* End XCBuildConfiguration section */

/* Begin XCConfigurationList section */
		EF0598D328674603005E43E1 /* Build configuration list for PBXProject "Charger" */ = {
			isa = XCConfigurationList;
			buildConfigurations = (
				EF05990028674607005E43E1 /* Debug */,
				EF05990128674607005E43E1 /* Release */,
			);
			defaultConfigurationIsVisible = 0;
			defaultConfigurationName = Release;
		};
		EF05990228674607005E43E1 /* Build configuration list for PBXNativeTarget "Charger" */ = {
			isa = XCConfigurationList;
			buildConfigurations = (
				EF05990328674607005E43E1 /* Debug */,
				EF05990428674607005E43E1 /* Release */,
			);
			defaultConfigurationIsVisible = 0;
			defaultConfigurationName = Release;
		};
		EF05990528674607005E43E1 /* Build configuration list for PBXNativeTarget "ChargerTests" */ = {
			isa = XCConfigurationList;
			buildConfigurations = (
				EF05990628674607005E43E1 /* Debug */,
				EF05990728674607005E43E1 /* Release */,
			);
			defaultConfigurationIsVisible = 0;
			defaultConfigurationName = Release;
		};
		EF05990828674607005E43E1 /* Build configuration list for PBXNativeTarget "ChargerUITests" */ = {
			isa = XCConfigurationList;
			buildConfigurations = (
				EF05990928674607005E43E1 /* Debug */,
				EF05990A28674607005E43E1 /* Release */,
			);
			defaultConfigurationIsVisible = 0;
			defaultConfigurationName = Release;
		};
/* End XCConfigurationList section */
	};
	rootObject = EF0598D028674603005E43E1 /* Project object */;
}
